// !$*UTF8*$!
{
	archiveVersion = 1;
	classes = {
	};
	objectVersion = 55;
	objects = {

/* Begin PBXBuildFile section */
		21013CBC2816DDEB00C67171 /* ImageService.swift in Sources */ = {isa = PBXBuildFile; fileRef = 21013CBB2816DDEB00C67171 /* ImageService.swift */; };
		21154BB12806E9670017E757 /* FirebaseAuth in Frameworks */ = {isa = PBXBuildFile; productRef = 21154BB02806E9670017E757 /* FirebaseAuth */; };
		21154BB32806E9670017E757 /* FirebaseFirestore in Frameworks */ = {isa = PBXBuildFile; productRef = 21154BB22806E9670017E757 /* FirebaseFirestore */; };
		213AF68828043207007F65C7 /* FirebaseAuth in Frameworks */ = {isa = PBXBuildFile; productRef = 213AF68728043207007F65C7 /* FirebaseAuth */; };
		213AF68A28043207007F65C7 /* FirebaseFirestore in Frameworks */ = {isa = PBXBuildFile; productRef = 213AF68928043207007F65C7 /* FirebaseFirestore */; };
		2148DF2028045FF700C035BE /* AuthViewController.swift in Sources */ = {isa = PBXBuildFile; fileRef = 2148DF1F28045FF700C035BE /* AuthViewController.swift */; };
		215D9FB828183142000B397C /* UserService.swift in Sources */ = {isa = PBXBuildFile; fileRef = 215D9FB728183142000B397C /* UserService.swift */; };
		215D9FBA281833BB000B397C /* ViewModel.swift in Sources */ = {isa = PBXBuildFile; fileRef = 215D9FB9281833BB000B397C /* ViewModel.swift */; };
		2173A41328103E7E00D4BA0A /* User.swift in Sources */ = {isa = PBXBuildFile; fileRef = 2173A41228103E7E00D4BA0A /* User.swift */; };
		21DB5751280415AF00F75860 /* AppDelegate.swift in Sources */ = {isa = PBXBuildFile; fileRef = 21DB5750280415AF00F75860 /* AppDelegate.swift */; };
		21DB5753280415AF00F75860 /* SceneDelegate.swift in Sources */ = {isa = PBXBuildFile; fileRef = 21DB5752280415AF00F75860 /* SceneDelegate.swift */; };
		21DB5758280415AF00F75860 /* Main.storyboard in Resources */ = {isa = PBXBuildFile; fileRef = 21DB5756280415AF00F75860 /* Main.storyboard */; };
		21DB575A280415B000F75860 /* Assets.xcassets in Resources */ = {isa = PBXBuildFile; fileRef = 21DB5759280415B000F75860 /* Assets.xcassets */; };
		21DB575D280415B000F75860 /* LaunchScreen.storyboard in Resources */ = {isa = PBXBuildFile; fileRef = 21DB575B280415B000F75860 /* LaunchScreen.storyboard */; };
		21DB57652804186900F75860 /* LoginViewController.swift in Sources */ = {isa = PBXBuildFile; fileRef = 21DB57642804186900F75860 /* LoginViewController.swift */; };
		21DB57672804187B00F75860 /* SiginViewController.swift in Sources */ = {isa = PBXBuildFile; fileRef = 21DB57662804187B00F75860 /* SiginViewController.swift */; };
		21DB576B28041D7100F75860 /* ProfileViewController.swift in Sources */ = {isa = PBXBuildFile; fileRef = 21DB576A28041D7100F75860 /* ProfileViewController.swift */; };
		21DF77CC280EFBA800F8FDBF /* GoogleService-Info.plist in Resources */ = {isa = PBXBuildFile; fileRef = 21DF77CB280EFBA800F8FDBF /* GoogleService-Info.plist */; };
		21F7B0A92811951700EC15AD /* AbstractAuthViewController.swift in Sources */ = {isa = PBXBuildFile; fileRef = 21F7B0A82811951700EC15AD /* AbstractAuthViewController.swift */; };
		21F7B0AC28119DB300EC15AD /* FirebaseAuth in Frameworks */ = {isa = PBXBuildFile; productRef = 21F7B0AB28119DB300EC15AD /* FirebaseAuth */; };
		21F7B0AE28119DB300EC15AD /* FirebaseFirestore in Frameworks */ = {isa = PBXBuildFile; productRef = 21F7B0AD28119DB300EC15AD /* FirebaseFirestore */; };
		21F7B0B028119DB300EC15AD /* FirebaseStorage in Frameworks */ = {isa = PBXBuildFile; productRef = 21F7B0AF28119DB300EC15AD /* FirebaseStorage */; };
/* End PBXBuildFile section */

/* Begin PBXFileReference section */
		21013CBB2816DDEB00C67171 /* ImageService.swift */ = {isa = PBXFileReference; lastKnownFileType = sourcecode.swift; path = ImageService.swift; sourceTree = "<group>"; };
		2148DF1F28045FF700C035BE /* AuthViewController.swift */ = {isa = PBXFileReference; lastKnownFileType = sourcecode.swift; path = AuthViewController.swift; sourceTree = "<group>"; };
		215D9FB728183142000B397C /* UserService.swift */ = {isa = PBXFileReference; lastKnownFileType = sourcecode.swift; path = UserService.swift; sourceTree = "<group>"; };
		215D9FB9281833BB000B397C /* ViewModel.swift */ = {isa = PBXFileReference; lastKnownFileType = sourcecode.swift; path = ViewModel.swift; sourceTree = "<group>"; };
		2173A41228103E7E00D4BA0A /* User.swift */ = {isa = PBXFileReference; lastKnownFileType = sourcecode.swift; path = User.swift; sourceTree = "<group>"; };
		21DB574D280415AF00F75860 /* Aggro.app */ = {isa = PBXFileReference; explicitFileType = wrapper.application; includeInIndex = 0; path = Aggro.app; sourceTree = BUILT_PRODUCTS_DIR; };
		21DB5750280415AF00F75860 /* AppDelegate.swift */ = {isa = PBXFileReference; lastKnownFileType = sourcecode.swift; path = AppDelegate.swift; sourceTree = "<group>"; };
		21DB5752280415AF00F75860 /* SceneDelegate.swift */ = {isa = PBXFileReference; lastKnownFileType = sourcecode.swift; path = SceneDelegate.swift; sourceTree = "<group>"; };
		21DB5757280415AF00F75860 /* Base */ = {isa = PBXFileReference; lastKnownFileType = file.storyboard; name = Base; path = Base.lproj/Main.storyboard; sourceTree = "<group>"; };
		21DB5759280415B000F75860 /* Assets.xcassets */ = {isa = PBXFileReference; lastKnownFileType = folder.assetcatalog; path = Assets.xcassets; sourceTree = "<group>"; };
		21DB575C280415B000F75860 /* Base */ = {isa = PBXFileReference; lastKnownFileType = file.storyboard; name = Base; path = Base.lproj/LaunchScreen.storyboard; sourceTree = "<group>"; };
		21DB575E280415B000F75860 /* Info.plist */ = {isa = PBXFileReference; lastKnownFileType = text.plist.xml; path = Info.plist; sourceTree = "<group>"; };
		21DB57642804186900F75860 /* LoginViewController.swift */ = {isa = PBXFileReference; lastKnownFileType = sourcecode.swift; path = LoginViewController.swift; sourceTree = "<group>"; };
		21DB57662804187B00F75860 /* SiginViewController.swift */ = {isa = PBXFileReference; lastKnownFileType = sourcecode.swift; path = SiginViewController.swift; sourceTree = "<group>"; };
		21DB576A28041D7100F75860 /* ProfileViewController.swift */ = {isa = PBXFileReference; lastKnownFileType = sourcecode.swift; path = ProfileViewController.swift; sourceTree = "<group>"; };
		21DF77CB280EFBA800F8FDBF /* GoogleService-Info.plist */ = {isa = PBXFileReference; fileEncoding = 4; lastKnownFileType = text.plist.xml; path = "GoogleService-Info.plist"; sourceTree = "<group>"; };
		21F7B0A82811951700EC15AD /* AbstractAuthViewController.swift */ = {isa = PBXFileReference; lastKnownFileType = sourcecode.swift; path = AbstractAuthViewController.swift; sourceTree = "<group>"; };
/* End PBXFileReference section */

/* Begin PBXFrameworksBuildPhase section */
		21DB574A280415AF00F75860 /* Frameworks */ = {
			isa = PBXFrameworksBuildPhase;
			buildActionMask = 2147483647;
			files = (
				213AF68828043207007F65C7 /* FirebaseAuth in Frameworks */,
				21F7B0AC28119DB300EC15AD /* FirebaseAuth in Frameworks */,
				21154BB32806E9670017E757 /* FirebaseFirestore in Frameworks */,
				21154BB12806E9670017E757 /* FirebaseAuth in Frameworks */,
				21F7B0B028119DB300EC15AD /* FirebaseStorage in Frameworks */,
				213AF68A28043207007F65C7 /* FirebaseFirestore in Frameworks */,
				21F7B0AE28119DB300EC15AD /* FirebaseFirestore in Frameworks */,
			);
			runOnlyForDeploymentPostprocessing = 0;
		};
/* End PBXFrameworksBuildPhase section */

/* Begin PBXGroup section */
		21013CBA2816DDB600C67171 /* Service */ = {
			isa = PBXGroup;
			children = (
				21013CBB2816DDEB00C67171 /* ImageService.swift */,
				215D9FB728183142000B397C /* UserService.swift */,
			);
			path = Service;
			sourceTree = "<group>";
		};
		2173A40F28103A0800D4BA0A /* Models */ = {
			isa = PBXGroup;
			children = (
				2173A41228103E7E00D4BA0A /* User.swift */,
			);
			path = Models;
			sourceTree = "<group>";
		};
		21DB5744280415AF00F75860 = {
			isa = PBXGroup;
			children = (
				21DB574F280415AF00F75860 /* Aggro */,
				21DB574E280415AF00F75860 /* Products */,
			);
			sourceTree = "<group>";
		};
		21DB574E280415AF00F75860 /* Products */ = {
			isa = PBXGroup;
			children = (
				21DB574D280415AF00F75860 /* Aggro.app */,
			);
			name = Products;
			sourceTree = "<group>";
		};
		21DB574F280415AF00F75860 /* Aggro */ = {
			isa = PBXGroup;
			children = (
				21013CBA2816DDB600C67171 /* Service */,
				2173A40F28103A0800D4BA0A /* Models */,
				21DB57692804189C00F75860 /* Controlers  */,
				21DB5750280415AF00F75860 /* AppDelegate.swift */,
				21DB5752280415AF00F75860 /* SceneDelegate.swift */,
				21DB5756280415AF00F75860 /* Main.storyboard */,
				21DB5759280415B000F75860 /* Assets.xcassets */,
				21DB575B280415B000F75860 /* LaunchScreen.storyboard */,
				21DF77CB280EFBA800F8FDBF /* GoogleService-Info.plist */,
				21DB575E280415B000F75860 /* Info.plist */,
				215D9FB9281833BB000B397C /* ViewModel.swift */,
			);
			path = Aggro;
			sourceTree = "<group>";
		};
		21DB57692804189C00F75860 /* Controlers  */ = {
			isa = PBXGroup;
			children = (
				2148DF1F28045FF700C035BE /* AuthViewController.swift */,
				21DB57642804186900F75860 /* LoginViewController.swift */,
				21DB57662804187B00F75860 /* SiginViewController.swift */,
				21DB576A28041D7100F75860 /* ProfileViewController.swift */,
				21F7B0A82811951700EC15AD /* AbstractAuthViewController.swift */,
			);
			path = "Controlers ";
			sourceTree = "<group>";
		};
/* End PBXGroup section */

/* Begin PBXNativeTarget section */
		21DB574C280415AF00F75860 /* Aggro */ = {
			isa = PBXNativeTarget;
			buildConfigurationList = 21DB5761280415B000F75860 /* Build configuration list for PBXNativeTarget "Aggro" */;
			buildPhases = (
				21DB5749280415AF00F75860 /* Sources */,
				21DB574A280415AF00F75860 /* Frameworks */,
				21DB574B280415AF00F75860 /* Resources */,
			);
			buildRules = (
			);
			dependencies = (
			);
			name = Aggro;
			packageProductDependencies = (
				213AF68728043207007F65C7 /* FirebaseAuth */,
				213AF68928043207007F65C7 /* FirebaseFirestore */,
				21154BB02806E9670017E757 /* FirebaseAuth */,
				21154BB22806E9670017E757 /* FirebaseFirestore */,
				21F7B0AB28119DB300EC15AD /* FirebaseAuth */,
				21F7B0AD28119DB300EC15AD /* FirebaseFirestore */,
				21F7B0AF28119DB300EC15AD /* FirebaseStorage */,
			);
			productName = Aggro;
			productReference = 21DB574D280415AF00F75860 /* Aggro.app */;
			productType = "com.apple.product-type.application";
		};
/* End PBXNativeTarget section */

/* Begin PBXProject section */
		21DB5745280415AF00F75860 /* Project object */ = {
			isa = PBXProject;
			attributes = {
				BuildIndependentTargetsInParallel = 1;
				LastSwiftUpdateCheck = 1320;
				LastUpgradeCheck = 1320;
				TargetAttributes = {
					21DB574C280415AF00F75860 = {
						CreatedOnToolsVersion = 13.2.1;
					};
				};
			};
			buildConfigurationList = 21DB5748280415AF00F75860 /* Build configuration list for PBXProject "Aggro" */;
			compatibilityVersion = "Xcode 13.0";
			developmentRegion = en;
			hasScannedForEncodings = 0;
			knownRegions = (
				en,
				Base,
			);
			mainGroup = 21DB5744280415AF00F75860;
			packageReferences = (
				213AF68628043207007F65C7 /* XCRemoteSwiftPackageReference "firebase-ios-sdk" */,
				21154BAF2806E9670017E757 /* XCRemoteSwiftPackageReference "firebase-ios-sdk" */,
				21F7B0AA28119DB300EC15AD /* XCRemoteSwiftPackageReference "firebase-ios-sdk" */,
			);
			productRefGroup = 21DB574E280415AF00F75860 /* Products */;
			projectDirPath = "";
			projectRoot = "";
			targets = (
				21DB574C280415AF00F75860 /* Aggro */,
			);
		};
/* End PBXProject section */

/* Begin PBXResourcesBuildPhase section */
		21DB574B280415AF00F75860 /* Resources */ = {
			isa = PBXResourcesBuildPhase;
			buildActionMask = 2147483647;
			files = (
				21DB575D280415B000F75860 /* LaunchScreen.storyboard in Resources */,
				21DF77CC280EFBA800F8FDBF /* GoogleService-Info.plist in Resources */,
				21DB575A280415B000F75860 /* Assets.xcassets in Resources */,
				21DB5758280415AF00F75860 /* Main.storyboard in Resources */,
			);
			runOnlyForDeploymentPostprocessing = 0;
		};
/* End PBXResourcesBuildPhase section */

/* Begin PBXSourcesBuildPhase section */
		21DB5749280415AF00F75860 /* Sources */ = {
			isa = PBXSourcesBuildPhase;
			buildActionMask = 2147483647;
			files = (
				21DB576B28041D7100F75860 /* ProfileViewController.swift in Sources */,
				21DB57652804186900F75860 /* LoginViewController.swift in Sources */,
				21F7B0A92811951700EC15AD /* AbstractAuthViewController.swift in Sources */,
				2148DF2028045FF700C035BE /* AuthViewController.swift in Sources */,
				2173A41328103E7E00D4BA0A /* User.swift in Sources */,
				215D9FB828183142000B397C /* UserService.swift in Sources */,
				21DB5751280415AF00F75860 /* AppDelegate.swift in Sources */,
				21013CBC2816DDEB00C67171 /* ImageService.swift in Sources */,
				21DB5753280415AF00F75860 /* SceneDelegate.swift in Sources */,
				215D9FBA281833BB000B397C /* ViewModel.swift in Sources */,
				21DB57672804187B00F75860 /* SiginViewController.swift in Sources */,
			);
			runOnlyForDeploymentPostprocessing = 0;
		};
/* End PBXSourcesBuildPhase section */

/* Begin PBXVariantGroup section */
		21DB5756280415AF00F75860 /* Main.storyboard */ = {
			isa = PBXVariantGroup;
			children = (
				21DB5757280415AF00F75860 /* Base */,
			);
			name = Main.storyboard;
			sourceTree = "<group>";
		};
		21DB575B280415B000F75860 /* LaunchScreen.storyboard */ = {
			isa = PBXVariantGroup;
			children = (
				21DB575C280415B000F75860 /* Base */,
			);
			name = LaunchScreen.storyboard;
			sourceTree = "<group>";
		};
/* End PBXVariantGroup section */

/* Begin XCBuildConfiguration section */
		21DB575F280415B000F75860 /* Debug */ = {
			isa = XCBuildConfiguration;
			buildSettings = {
				ALWAYS_SEARCH_USER_PATHS = NO;
				CLANG_ANALYZER_NONNULL = YES;
				CLANG_ANALYZER_NUMBER_OBJECT_CONVERSION = YES_AGGRESSIVE;
				CLANG_CXX_LANGUAGE_STANDARD = "gnu++17";
				CLANG_CXX_LIBRARY = "libc++";
				CLANG_ENABLE_MODULES = YES;
				CLANG_ENABLE_OBJC_ARC = YES;
				CLANG_ENABLE_OBJC_WEAK = YES;
				CLANG_WARN_BLOCK_CAPTURE_AUTORELEASING = YES;
				CLANG_WARN_BOOL_CONVERSION = YES;
				CLANG_WARN_COMMA = YES;
				CLANG_WARN_CONSTANT_CONVERSION = YES;
				CLANG_WARN_DEPRECATED_OBJC_IMPLEMENTATIONS = YES;
				CLANG_WARN_DIRECT_OBJC_ISA_USAGE = YES_ERROR;
				CLANG_WARN_DOCUMENTATION_COMMENTS = YES;
				CLANG_WARN_EMPTY_BODY = YES;
				CLANG_WARN_ENUM_CONVERSION = YES;
				CLANG_WARN_INFINITE_RECURSION = YES;
				CLANG_WARN_INT_CONVERSION = YES;
				CLANG_WARN_NON_LITERAL_NULL_CONVERSION = YES;
				CLANG_WARN_OBJC_IMPLICIT_RETAIN_SELF = YES;
				CLANG_WARN_OBJC_LITERAL_CONVERSION = YES;
				CLANG_WARN_OBJC_ROOT_CLASS = YES_ERROR;
				CLANG_WARN_QUOTED_INCLUDE_IN_FRAMEWORK_HEADER = YES;
				CLANG_WARN_RANGE_LOOP_ANALYSIS = YES;
				CLANG_WARN_STRICT_PROTOTYPES = YES;
				CLANG_WARN_SUSPICIOUS_MOVE = YES;
				CLANG_WARN_UNGUARDED_AVAILABILITY = YES_AGGRESSIVE;
				CLANG_WARN_UNREACHABLE_CODE = YES;
				CLANG_WARN__DUPLICATE_METHOD_MATCH = YES;
				COPY_PHASE_STRIP = NO;
				DEBUG_INFORMATION_FORMAT = dwarf;
				DEVELOPMENT_TEAM = WW7H24V8N5;
				ENABLE_STRICT_OBJC_MSGSEND = YES;
				ENABLE_TESTABILITY = YES;
				GCC_C_LANGUAGE_STANDARD = gnu11;
				GCC_DYNAMIC_NO_PIC = NO;
				GCC_NO_COMMON_BLOCKS = YES;
				GCC_OPTIMIZATION_LEVEL = 0;
				GCC_PREPROCESSOR_DEFINITIONS = (
					"DEBUG=1",
					"$(inherited)",
				);
				GCC_WARN_64_TO_32_BIT_CONVERSION = YES;
				GCC_WARN_ABOUT_RETURN_TYPE = YES_ERROR;
				GCC_WARN_UNDECLARED_SELECTOR = YES;
				GCC_WARN_UNINITIALIZED_AUTOS = YES_AGGRESSIVE;
				GCC_WARN_UNUSED_FUNCTION = YES;
				GCC_WARN_UNUSED_VARIABLE = YES;
				IPHONEOS_DEPLOYMENT_TARGET = 15.2;
				MTL_ENABLE_DEBUG_INFO = INCLUDE_SOURCE;
				MTL_FAST_MATH = YES;
				ONLY_ACTIVE_ARCH = YES;
				SDKROOT = iphoneos;
				SWIFT_ACTIVE_COMPILATION_CONDITIONS = DEBUG;
				SWIFT_OPTIMIZATION_LEVEL = "-Onone";
			};
			name = Debug;
		};
		21DB5760280415B000F75860 /* Release */ = {
			isa = XCBuildConfiguration;
			buildSettings = {
				ALWAYS_SEARCH_USER_PATHS = NO;
				CLANG_ANALYZER_NONNULL = YES;
				CLANG_ANALYZER_NUMBER_OBJECT_CONVERSION = YES_AGGRESSIVE;
				CLANG_CXX_LANGUAGE_STANDARD = "gnu++17";
				CLANG_CXX_LIBRARY = "libc++";
				CLANG_ENABLE_MODULES = YES;
				CLANG_ENABLE_OBJC_ARC = YES;
				CLANG_ENABLE_OBJC_WEAK = YES;
				CLANG_WARN_BLOCK_CAPTURE_AUTORELEASING = YES;
				CLANG_WARN_BOOL_CONVERSION = YES;
				CLANG_WARN_COMMA = YES;
				CLANG_WARN_CONSTANT_CONVERSION = YES;
				CLANG_WARN_DEPRECATED_OBJC_IMPLEMENTATIONS = YES;
				CLANG_WARN_DIRECT_OBJC_ISA_USAGE = YES_ERROR;
				CLANG_WARN_DOCUMENTATION_COMMENTS = YES;
				CLANG_WARN_EMPTY_BODY = YES;
				CLANG_WARN_ENUM_CONVERSION = YES;
				CLANG_WARN_INFINITE_RECURSION = YES;
				CLANG_WARN_INT_CONVERSION = YES;
				CLANG_WARN_NON_LITERAL_NULL_CONVERSION = YES;
				CLANG_WARN_OBJC_IMPLICIT_RETAIN_SELF = YES;
				CLANG_WARN_OBJC_LITERAL_CONVERSION = YES;
				CLANG_WARN_OBJC_ROOT_CLASS = YES_ERROR;
				CLANG_WARN_QUOTED_INCLUDE_IN_FRAMEWORK_HEADER = YES;
				CLANG_WARN_RANGE_LOOP_ANALYSIS = YES;
				CLANG_WARN_STRICT_PROTOTYPES = YES;
				CLANG_WARN_SUSPICIOUS_MOVE = YES;
				CLANG_WARN_UNGUARDED_AVAILABILITY = YES_AGGRESSIVE;
				CLANG_WARN_UNREACHABLE_CODE = YES;
				CLANG_WARN__DUPLICATE_METHOD_MATCH = YES;
				COPY_PHASE_STRIP = NO;
				DEBUG_INFORMATION_FORMAT = "dwarf-with-dsym";
				DEVELOPMENT_TEAM = WW7H24V8N5;
				ENABLE_NS_ASSERTIONS = NO;
				ENABLE_STRICT_OBJC_MSGSEND = YES;
				GCC_C_LANGUAGE_STANDARD = gnu11;
				GCC_NO_COMMON_BLOCKS = YES;
				GCC_WARN_64_TO_32_BIT_CONVERSION = YES;
				GCC_WARN_ABOUT_RETURN_TYPE = YES_ERROR;
				GCC_WARN_UNDECLARED_SELECTOR = YES;
				GCC_WARN_UNINITIALIZED_AUTOS = YES_AGGRESSIVE;
				GCC_WARN_UNUSED_FUNCTION = YES;
				GCC_WARN_UNUSED_VARIABLE = YES;
				IPHONEOS_DEPLOYMENT_TARGET = 15.2;
				MTL_ENABLE_DEBUG_INFO = NO;
				MTL_FAST_MATH = YES;
				SDKROOT = iphoneos;
				SWIFT_COMPILATION_MODE = wholemodule;
				SWIFT_OPTIMIZATION_LEVEL = "-O";
				VALIDATE_PRODUCT = YES;
			};
			name = Release;
		};
		21DB5762280415B000F75860 /* Debug */ = {
			isa = XCBuildConfiguration;
			buildSettings = {
				ASSETCATALOG_COMPILER_APPICON_NAME = AppIcon;
				ASSETCATALOG_COMPILER_GLOBAL_ACCENT_COLOR_NAME = AccentColor;
				CODE_SIGN_STYLE = Automatic;
				CURRENT_PROJECT_VERSION = 1;
				GENERATE_INFOPLIST_FILE = YES;
				INFOPLIST_FILE = Aggro/Info.plist;
				INFOPLIST_KEY_UIApplicationSupportsIndirectInputEvents = YES;
				INFOPLIST_KEY_UILaunchStoryboardName = LaunchScreen;
				INFOPLIST_KEY_UIMainStoryboardFile = Main;
				INFOPLIST_KEY_UISupportedInterfaceOrientations_iPad = "UIInterfaceOrientationPortrait UIInterfaceOrientationPortraitUpsideDown UIInterfaceOrientationLandscapeLeft UIInterfaceOrientationLandscapeRight";
				INFOPLIST_KEY_UISupportedInterfaceOrientations_iPhone = "UIInterfaceOrientationPortrait UIInterfaceOrientationLandscapeLeft UIInterfaceOrientationLandscapeRight";
				LD_RUNPATH_SEARCH_PATHS = (
					"$(inherited)",
					"@executable_path/Frameworks",
				);
				MARKETING_VERSION = 1.0;
				PRODUCT_BUNDLE_IDENTIFIER = com.Danis2211.Aggro222.Swift.FirstApp.Test;
				PRODUCT_NAME = "$(TARGET_NAME)";
				SWIFT_EMIT_LOC_STRINGS = YES;
				SWIFT_VERSION = 5.0;
				TARGETED_DEVICE_FAMILY = "1,2";
			};
			name = Debug;
		};
		21DB5763280415B000F75860 /* Release */ = {
			isa = XCBuildConfiguration;
			buildSettings = {
				ASSETCATALOG_COMPILER_APPICON_NAME = AppIcon;
				ASSETCATALOG_COMPILER_GLOBAL_ACCENT_COLOR_NAME = AccentColor;
				CODE_SIGN_STYLE = Automatic;
				CURRENT_PROJECT_VERSION = 1;
				GENERATE_INFOPLIST_FILE = YES;
				INFOPLIST_FILE = Aggro/Info.plist;
				INFOPLIST_KEY_UIApplicationSupportsIndirectInputEvents = YES;
				INFOPLIST_KEY_UILaunchStoryboardName = LaunchScreen;
				INFOPLIST_KEY_UIMainStoryboardFile = Main;
				INFOPLIST_KEY_UISupportedInterfaceOrientations_iPad = "UIInterfaceOrientationPortrait UIInterfaceOrientationPortraitUpsideDown UIInterfaceOrientationLandscapeLeft UIInterfaceOrientationLandscapeRight";
				INFOPLIST_KEY_UISupportedInterfaceOrientations_iPhone = "UIInterfaceOrientationPortrait UIInterfaceOrientationLandscapeLeft UIInterfaceOrientationLandscapeRight";
				LD_RUNPATH_SEARCH_PATHS = (
					"$(inherited)",
					"@executable_path/Frameworks",
				);
				MARKETING_VERSION = 1.0;
				PRODUCT_BUNDLE_IDENTIFIER = com.Danis2211.Aggro222.Swift.FirstApp.Test;
				PRODUCT_NAME = "$(TARGET_NAME)";
				SWIFT_EMIT_LOC_STRINGS = YES;
				SWIFT_VERSION = 5.0;
				TARGETED_DEVICE_FAMILY = "1,2";
			};
			name = Release;
		};
/* End XCBuildConfiguration section */

/* Begin XCConfigurationList section */
		21DB5748280415AF00F75860 /* Build configuration list for PBXProject "Aggro" */ = {
			isa = XCConfigurationList;
			buildConfigurations = (
				21DB575F280415B000F75860 /* Debug */,
				21DB5760280415B000F75860 /* Release */,
			);
			defaultConfigurationIsVisible = 0;
			defaultConfigurationName = Release;
		};
		21DB5761280415B000F75860 /* Build configuration list for PBXNativeTarget "Aggro" */ = {
			isa = XCConfigurationList;
			buildConfigurations = (
				21DB5762280415B000F75860 /* Debug */,
				21DB5763280415B000F75860 /* Release */,
			);
			defaultConfigurationIsVisible = 0;
			defaultConfigurationName = Release;
		};
/* End XCConfigurationList section */

/* Begin XCRemoteSwiftPackageReference section */
		21154BAF2806E9670017E757 /* XCRemoteSwiftPackageReference "firebase-ios-sdk" */ = {
			isa = XCRemoteSwiftPackageReference;
			repositoryURL = "https://github.com/firebase/firebase-ios-sdk";
			requirement = {
				branch = master;
				kind = branch;
			};
		};
		213AF68628043207007F65C7 /* XCRemoteSwiftPackageReference "firebase-ios-sdk" */ = {
			isa = XCRemoteSwiftPackageReference;
			repositoryURL = "https://github.com/firebase/firebase-ios-sdk";
			requirement = {
				kind = upToNextMajorVersion;
				minimumVersion = 8.0.0;
			};
		};
		21F7B0AA28119DB300EC15AD /* XCRemoteSwiftPackageReference "firebase-ios-sdk" */ = {
			isa = XCRemoteSwiftPackageReference;
			repositoryURL = "https://github.com/firebase/firebase-ios-sdk";
			requirement = {
				branch = master;
				kind = branch;
			};
		};
/* End XCRemoteSwiftPackageReference section */

/* Begin XCSwiftPackageProductDependency section */
		21154BB02806E9670017E757 /* FirebaseAuth */ = {
			isa = XCSwiftPackageProductDependency;
			package = 21154BAF2806E9670017E757 /* XCRemoteSwiftPackageReference "firebase-ios-sdk" */;
			productName = FirebaseAuth;
		};
		21154BB22806E9670017E757 /* FirebaseFirestore */ = {
			isa = XCSwiftPackageProductDependency;
			package = 21154BAF2806E9670017E757 /* XCRemoteSwiftPackageReference "firebase-ios-sdk" */;
			productName = FirebaseFirestore;
		};
		213AF68728043207007F65C7 /* FirebaseAuth */ = {
			isa = XCSwiftPackageProductDependency;
			package = 213AF68628043207007F65C7 /* XCRemoteSwiftPackageReference "firebase-ios-sdk" */;
			productName = FirebaseAuth;
		};
		213AF68928043207007F65C7 /* FirebaseFirestore */ = {
			isa = XCSwiftPackageProductDependency;
			package = 213AF68628043207007F65C7 /* XCRemoteSwiftPackageReference "firebase-ios-sdk" */;
			productName = FirebaseFirestore;
		};
		21F7B0AB28119DB300EC15AD /* FirebaseAuth */ = {
			isa = XCSwiftPackageProductDependency;
			package = 21154BAF2806E9670017E757 /* XCRemoteSwiftPackageReference "firebase-ios-sdk" */;
			productName = FirebaseAuth;
		};
		21F7B0AD28119DB300EC15AD /* FirebaseFirestore */ = {
			isa = XCSwiftPackageProductDependency;
			package = 21154BAF2806E9670017E757 /* XCRemoteSwiftPackageReference "firebase-ios-sdk" */;
			productName = FirebaseFirestore;
		};
		21F7B0AF28119DB300EC15AD /* FirebaseStorage */ = {
			isa = XCSwiftPackageProductDependency;
			package = 21154BAF2806E9670017E757 /* XCRemoteSwiftPackageReference "firebase-ios-sdk" */;
			productName = FirebaseStorage;
		};
/* End XCSwiftPackageProductDependency section */
	};
	rootObject = 21DB5745280415AF00F75860 /* Project object */;
}
